# This file was autogenerated by Stack.
# You should not edit this file by hand.
# For more information, please see the documentation at:
#   https://docs.haskellstack.org/en/stable/lock_files

packages:
- completed:
    hackage: alsa-core-0.5.0.1@sha256:b442233f7b27e5e780e0e63d23767c4efd7153d89bcc0337d821570c43aaea9d,1329
    pantry-tree:
      size: 223
      sha256: 7ee0befd4a372f7f3711d59dd25a0d743bc8331302f2b5f8ee6039a711125e18
  original:
    hackage: alsa-core-0.5.0.1
- completed:
    hackage: alsa-mixer-0.3.0@sha256:27cfcaad6fd2c93d8a8491bd1751ca5bbe301a09f4641afe9fb52d3229b43cae,1024
    pantry-tree:
      size: 334
      sha256: 49d473f9c7ebcc1c4cd88b5ea32f08dfe6dded71011309b2484065b6ea7621c3
  original:
    hackage: alsa-mixer-0.3.0
snapshots:
- completed:
    size: 531237
    url: https://raw.githubusercontent.com/commercialhaskell/stackage-snapshots/master/lts/16/1.yaml
    sha256: 954b6b14b0c8130732cf4773f7ebb4efc9a44600d1a5265d142868bf93462bc6
  original: lts-16.1
